
Microsoft Visual Studio Solution File, Format Version 12.00
# Visual Studio Version 17
VisualStudioVersion = 17.5.33627.172
MinimumVisualStudioVersion = 10.0.40219.1
Project("{FAE04EC0-301F-11D3-BF4B-00C04F79EFBC}") = "JogoPalavras", "JogoPalavras.csproj", "{717FABA2-FFA9-48D8-BBFE-309A07C90AAA}"
EndProject
Global
	GlobalSection(SolutionConfigurationPlatforms) = preSolution
		Debug|Any CPU = Debug|Any CPU
		Release|Any CPU = Release|Any CPU
	EndGlobalSection
	GlobalSection(ProjectConfigurationPlatforms) = postSolution
		{717FABA2-FFA9-48D8-BBFE-309A07C90AAA}.Debug|Any CPU.ActiveCfg = Debug|Any CPU
		{717FABA2-FFA9-48D8-BBFE-309A07C90AAA}.Debug|Any CPU.Build.0 = Debug|Any CPU
		{717FABA2-FFA9-48D8-BBFE-309A07C90AAA}.Release|Any CPU.ActiveCfg = Release|Any CPU
		{717FABA2-FFA9-48D8-BBFE-309A07C90AAA}.Release|Any CPU.Build.0 = Release|Any CPU
	EndGlobalSection
	GlobalSection(SolutionProperties) = preSolution
		HideSolutionNode = FALSE
	EndGlobalSection
	GlobalSection(ExtensibilityGlobals) = postSolution
		SolutionGuid = {AC72F42B-47D8-477A-A185-3B1DA1974034}
	EndGlobalSection
EndGlobal
